
Microsoft Visual Studio Solution File, Format Version 12.00
# Visual Studio Version 17
VisualStudioVersion = 17.3.32825.248
MinimumVisualStudioVersion = 10.0.40219.1
Project("{9A19103F-16F7-4668-BE54-9A1E7A4F7556}") = "Model", "Model\Model.csproj", "{A6FC113C-589D-4843-9415-0327C85A1A75}"
EndProject
Project("{9A19103F-16F7-4668-BE54-9A1E7A4F7556}") = "Controller", "Controller\Controller.csproj", "{6A7DCD0C-11DC-41E0-BC21-F9D8BE1D85F2}"
EndProject
Project("{9A19103F-16F7-4668-BE54-9A1E7A4F7556}") = "TestProject", "TestProject\TestProject.csproj", "{69303C30-91D7-485A-85E2-5F6AD169B892}"
EndProject
Project("{9A19103F-16F7-4668-BE54-9A1E7A4F7556}") = "WpfView", "WpfView\WpfView.csproj", "{8C72BE4F-E014-46F1-9122-BB7C223A4589}"
EndProject
Project("{9A19103F-16F7-4668-BE54-9A1E7A4F7556}") = "PianoSoundPlayer", "PianoSoundPlayer\PianoSoundPlayer.csproj", "{A1A31E3F-645F-4D34-935D-BE11EE6A4FE3}"
EndProject
Project("{9A19103F-16F7-4668-BE54-9A1E7A4F7556}") = "PianoSoundTesting", "PianoSoundTesting\PianoSoundTesting.csproj", "{A2A31E3F-645F-4D34-935D-BE11EE6A4FE3}"
EndProject
Global
	GlobalSection(SolutionConfigurationPlatforms) = preSolution
		Debug|Any CPU = Debug|Any CPU
		Release|Any CPU = Release|Any CPU
	EndGlobalSection
	GlobalSection(ProjectConfigurationPlatforms) = postSolution
		{A6FC113C-589D-4843-9415-0327C85A1A75}.Debug|Any CPU.ActiveCfg = Debug|Any CPU
		{A6FC113C-589D-4843-9415-0327C85A1A75}.Debug|Any CPU.Build.0 = Debug|Any CPU
		{A6FC113C-589D-4843-9415-0327C85A1A75}.Release|Any CPU.ActiveCfg = Release|Any CPU
		{A6FC113C-589D-4843-9415-0327C85A1A75}.Release|Any CPU.Build.0 = Release|Any CPU
		{6A7DCD0C-11DC-41E0-BC21-F9D8BE1D85F2}.Debug|Any CPU.ActiveCfg = Debug|Any CPU
		{6A7DCD0C-11DC-41E0-BC21-F9D8BE1D85F2}.Debug|Any CPU.Build.0 = Debug|Any CPU
		{6A7DCD0C-11DC-41E0-BC21-F9D8BE1D85F2}.Release|Any CPU.ActiveCfg = Release|Any CPU
		{6A7DCD0C-11DC-41E0-BC21-F9D8BE1D85F2}.Release|Any CPU.Build.0 = Release|Any CPU
		{69303C30-91D7-485A-85E2-5F6AD169B892}.Debug|Any CPU.ActiveCfg = Debug|Any CPU
		{69303C30-91D7-485A-85E2-5F6AD169B892}.Debug|Any CPU.Build.0 = Debug|Any CPU
		{69303C30-91D7-485A-85E2-5F6AD169B892}.Release|Any CPU.ActiveCfg = Release|Any CPU
		{69303C30-91D7-485A-85E2-5F6AD169B892}.Release|Any CPU.Build.0 = Release|Any CPU
		{8C72BE4F-E014-46F1-9122-BB7C223A4589}.Debug|Any CPU.ActiveCfg = Debug|Any CPU
		{8C72BE4F-E014-46F1-9122-BB7C223A4589}.Debug|Any CPU.Build.0 = Debug|Any CPU
		{8C72BE4F-E014-46F1-9122-BB7C223A4589}.Release|Any CPU.ActiveCfg = Release|Any CPU
		{8C72BE4F-E014-46F1-9122-BB7C223A4589}.Release|Any CPU.Build.0 = Release|Any CPU
		{A1A31E3F-645F-4D34-935D-BE11EE6A4FE3}.Debug|Any CPU.ActiveCfg = Debug|Any CPU
		{A1A31E3F-645F-4D34-935D-BE11EE6A4FE3}.Debug|Any CPU.Build.0 = Debug|Any CPU
		{A1A31E3F-645F-4D34-935D-BE11EE6A4FE3}.Release|Any CPU.ActiveCfg = Release|Any CPU
		{A1A31E3F-645F-4D34-935D-BE11EE6A4FE3}.Release|Any CPU.Build.0 = Release|Any CPU
		{A2A31E3F-645F-4D34-935D-BE11EE6A4FE3}.Debug|Any CPU.ActiveCfg = Debug|Any CPU
		{A2A31E3F-645F-4D34-935D-BE11EE6A4FE3}.Debug|Any CPU.Build.0 = Debug|Any CPU
		{A2A31E3F-645F-4D34-935D-BE11EE6A4FE3}.Release|Any CPU.ActiveCfg = Release|Any CPU
		{A2A31E3F-645F-4D34-935D-BE11EE6A4FE3}.Release|Any CPU.Build.0 = Release|Any CPU
	EndGlobalSection
	GlobalSection(SolutionProperties) = preSolution
		HideSolutionNode = FALSE
	EndGlobalSection
	GlobalSection(ExtensibilityGlobals) = postSolution
		SolutionGuid = {1334BC4E-C29A-4BAC-8DC9-35366CD7B6A4}
	EndGlobalSection
EndGlobal
