
Microsoft Visual Studio Solution File, Format Version 12.00
# Visual Studio Version 17
VisualStudioVersion = 17.3.32825.248
MinimumVisualStudioVersion = 10.0.40219.1
Project("{FAE04EC0-301F-11D3-BF4B-00C04F79EFBC}") = "VirtualPiano", "VirtualPiano\VirtualPiano.csproj", "{6CFF15F4-0083-430E-ADEC-10ED5CFC51FE}"
EndProject
Global
	GlobalSection(SolutionConfigurationPlatforms) = preSolution
		Debug|Any CPU = Debug|Any CPU
		Release|Any CPU = Release|Any CPU
	EndGlobalSection
	GlobalSection(ProjectConfigurationPlatforms) = postSolution
		{6CFF15F4-0083-430E-ADEC-10ED5CFC51FE}.Debug|Any CPU.ActiveCfg = Debug|Any CPU
		{6CFF15F4-0083-430E-ADEC-10ED5CFC51FE}.Debug|Any CPU.Build.0 = Debug|Any CPU
		{6CFF15F4-0083-430E-ADEC-10ED5CFC51FE}.Release|Any CPU.ActiveCfg = Release|Any CPU
		{6CFF15F4-0083-430E-ADEC-10ED5CFC51FE}.Release|Any CPU.Build.0 = Release|Any CPU
	EndGlobalSection
	GlobalSection(SolutionProperties) = preSolution
		HideSolutionNode = FALSE
	EndGlobalSection
	GlobalSection(ExtensibilityGlobals) = postSolution
		SolutionGuid = {1334BC4E-C29A-4BAC-8DC9-35366CD7B6A4}
	EndGlobalSection
EndGlobal
